
Microsoft Visual Studio Solution File, Format Version 10.00
# Visual Studio 2008
Project("{8BC9CEB8-8B4A-11D0-8D11-00A0C91BC942}") = "MxTree", "MxTree\MxTree.vcproj", "{D9608E64-A496-4595-8F66-A58A31AC16A6}"
EndProject
Project("{8BC9CEB8-8B4A-11D0-8D11-00A0C91BC942}") = "Gist", "Gist\Gist.vcproj", "{B4BFB6BC-966B-46ED-AE75-E490BDCF94D0}"
EndProject
Global
	GlobalSection(SolutionConfigurationPlatforms) = preSolution
		Debug|Win32 = Debug|Win32
		Release|Win32 = Release|Win32
	EndGlobalSection
	GlobalSection(ProjectConfigurationPlatforms) = postSolution
		{D9608E64-A496-4595-8F66-A58A31AC16A6}.Debug|Win32.ActiveCfg = Debug|Win32
		{D9608E64-A496-4595-8F66-A58A31AC16A6}.Debug|Win32.Build.0 = Debug|Win32
		{D9608E64-A496-4595-8F66-A58A31AC16A6}.Release|Win32.ActiveCfg = Release|Win32
		{D9608E64-A496-4595-8F66-A58A31AC16A6}.Release|Win32.Build.0 = Release|Win32
		{B4BFB6BC-966B-46ED-AE75-E490BDCF94D0}.Debug|Win32.ActiveCfg = Debug|Win32
		{B4BFB6BC-966B-46ED-AE75-E490BDCF94D0}.Debug|Win32.Build.0 = Debug|Win32
		{B4BFB6BC-966B-46ED-AE75-E490BDCF94D0}.Release|Win32.ActiveCfg = Release|Win32
		{B4BFB6BC-966B-46ED-AE75-E490BDCF94D0}.Release|Win32.Build.0 = Release|Win32
	EndGlobalSection
	GlobalSection(SolutionProperties) = preSolution
		HideSolutionNode = FALSE
	EndGlobalSection
EndGlobal
